{
  "nodes": {
    "flake-utils": {
      "locked": {
        "lastModified": 1680776469,
        "narHash": "sha256-3CXUDK/3q/kieWtdsYpDOBJw3Gw4Af6x+2EiSnIkNQw=",
        "owner": "numtide",
        "repo": "flake-utils",
        "rev": "411e8764155aa9354dbcd6d5faaeb97e9e3dce24",
        "type": "github"
      },
      "original": {
        "owner": "numtide",
        "repo": "flake-utils",
        "type": "github"
      }
    },
    "flake-utils_2": {
      "locked": {
        "lastModified": 1659877975,
        "narHash": "sha256-zllb8aq3YO3h8B/U0/J1WBgAL8EX5yWf5pMj3G0NAmc=",
        "owner": "numtide",
        "repo": "flake-utils",
        "rev": "c0e246b9b83f637f4681389ecabcb2681b4f3af0",
        "type": "github"
      },
      "original": {
        "owner": "numtide",
        "repo": "flake-utils",
        "type": "github"
      }
    },
    "nixpkgs": {
      "locked": {
        "lastModified": 1680669251,
        "narHash": "sha256-AVNE+0u4HlI3v96KCXE9risH7NKqj0QDLLfSckYXIbA=",
        "owner": "nixos",
        "repo": "nixpkgs",
        "rev": "9c8ff8b426a8b07b9e0a131ac3218740dc85ba1e",
        "type": "github"
      },
      "original": {
        "owner": "nixos",
        "ref": "nixos-unstable",
        "repo": "nixpkgs",
        "type": "github"
      }
    },
    "nixpkgs_2": {
      "locked": {
        "lastModified": 1665296151,
        "narHash": "sha256-uOB0oxqxN9K7XGF1hcnY+PQnlQJ+3bP2vCn/+Ru/bbc=",
        "owner": "NixOS",
        "repo": "nixpkgs",
        "rev": "14ccaaedd95a488dd7ae142757884d8e125b3363",
        "type": "github"
      },
      "original": {
        "owner": "NixOS",
        "ref": "nixpkgs-unstable",
        "repo": "nixpkgs",
        "type": "github"
      }
    },
    "root": {
      "inputs": {
        "flake-utils": "flake-utils",
        "nixpkgs": "nixpkgs",
        "rust-overlay": "rust-overlay"
      }
    },
    "rust-overlay": {
      "inputs": {
        "flake-utils": "flake-utils_2",
        "nixpkgs": "nixpkgs_2"
      },
      "locked": {
        "lastModified": 1680747499,
        "narHash": "sha256-E9rcxSTsqRqNd4SD+D/4aqm3qfFyVw0S9YseCks7h+c=",
        "owner": "oxalica",
        "repo": "rust-overlay",
        "rev": "8ad3b5ee01a2074b54274216ff2cf0ab844a7426",
        "type": "github"
      },
      "original": {
        "owner": "oxalica",
        "repo": "rust-overlay",
        "type": "github"
      }
    }
  },
  "root": "root",
  "version": 7
}
